
Microsoft Visual Studio Solution File, Format Version 12.00
# Visual Studio Version 16
VisualStudioVersion = 16.0.32106.194
MinimumVisualStudioVersion = 10.0.40219.1
Project("{FAE04EC0-301F-11D3-BF4B-00C04F79EFBC}") = "TeLoLlevo.Api.Categoria", "TeLoLlevo.Api.Categoria\TeLoLlevo.Api.Categoria.csproj", "{DDA4A429-8E12-4469-B7CC-C109C8A28119}"
EndProject
Global
	GlobalSection(SolutionConfigurationPlatforms) = preSolution
		Debug|Any CPU = Debug|Any CPU
		Release|Any CPU = Release|Any CPU
	EndGlobalSection
	GlobalSection(ProjectConfigurationPlatforms) = postSolution
		{DDA4A429-8E12-4469-B7CC-C109C8A28119}.Debug|Any CPU.ActiveCfg = Debug|Any CPU
		{DDA4A429-8E12-4469-B7CC-C109C8A28119}.Debug|Any CPU.Build.0 = Debug|Any CPU
		{DDA4A429-8E12-4469-B7CC-C109C8A28119}.Release|Any CPU.ActiveCfg = Release|Any CPU
		{DDA4A429-8E12-4469-B7CC-C109C8A28119}.Release|Any CPU.Build.0 = Release|Any CPU
	EndGlobalSection
	GlobalSection(SolutionProperties) = preSolution
		HideSolutionNode = FALSE
	EndGlobalSection
	GlobalSection(ExtensibilityGlobals) = postSolution
		SolutionGuid = {E3CADBDA-10F0-4BC9-AB52-C20A41A4243F}
	EndGlobalSection
EndGlobal
